{"1.2.0",
[{<<"msrpce">>,{pkg,<<"msrpce">>,<<"0.1.1">>},0},
 {<<"neotoma">>,{pkg,<<"neotoma">>,<<"1.7.3">>},0},
 {<<"pbkdf2">>,{pkg,<<"mc_pbkdf2">>,<<"2.2.1">>},0}]}.
[
{pkg_hash,[
 {<<"msrpce">>, <<"D8A29C7F393DB3DBAEF15AEE54B4F82AA39A866561B368A56ACF56E44A803273">>},
 {<<"neotoma">>, <<"D8BD5404B73273989946E4F4F6D529E5C2088F5FA1CA790B4DBE81F4BE408E61">>},
 {<<"pbkdf2">>, <<"D1AEA1C21BF4388B0BD5A5EE91B71B5001E8F470C8FD6542D9FCC62A593D39FF">>}]},
{pkg_hash_ext,[
 {<<"msrpce">>, <<"969A0B52931A9AA3C90C8E0608D70428FE2E34C0A97C4FD9451B1B6ABA94DA04">>},
 {<<"neotoma">>, <<"2DA322B9B1567FFA0706A7F30F6BBBDE70835AE44A1050615F4B4A3D436E0F28">>},
 {<<"pbkdf2">>, <<"2D96A60724156A270F4583964739BD253BE1B69491E342E5A1E56FECC76D1921">>}]}
].
